// !$*UTF8*$!
{
	archiveVersion = 1;
	classes = {
	};
	objectVersion = 50;
	objects = {

/* Begin PBXBuildFile section */
		317CCEAF24A509FB0071E533 /* AppDelegate.m in Sources */ = {isa = PBXBuildFile; fileRef = 317CCEAE24A509FB0071E533 /* AppDelegate.m */; };
		317CCEB224A509FB0071E533 /* ViewController.m in Sources */ = {isa = PBXBuildFile; fileRef = 317CCEB124A509FB0071E533 /* ViewController.m */; };
		317CCEB424A509FC0071E533 /* Assets.xcassets in Resources */ = {isa = PBXBuildFile; fileRef = 317CCEB324A509FC0071E533 /* Assets.xcassets */; };
		317CCEB724A509FC0071E533 /* Main.storyboard in Resources */ = {isa = PBXBuildFile; fileRef = 317CCEB524A509FC0071E533 /* Main.storyboard */; };
		317CCEBA24A509FC0071E533 /* main.m in Sources */ = {isa = PBXBuildFile; fileRef = 317CCEB924A509FC0071E533 /* main.m */; };
		317CCEC524A509FC0071E533 /* OSXTestProjectTests.m in Sources */ = {isa = PBXBuildFile; fileRef = 317CCEC424A509FC0071E533 /* OSXTestProjectTests.m */; };
		317CCED024A509FC0071E533 /* OSXTestProjectUITests.m in Sources */ = {isa = PBXBuildFile; fileRef = 317CCECF24A509FC0071E533 /* OSXTestProjectUITests.m */; };
		E8EA06B6E8442CEE43BF89F7 /* libPods-OSXTestProject.a in Frameworks */ = {isa = PBXBuildFile; fileRef = A4E3CC6817468CF50A087EB5 /* libPods-OSXTestProject.a */; };
/* End PBXBuildFile section */

/* Begin PBXContainerItemProxy section */
		317CCEC124A509FC0071E533 /* PBXContainerItemProxy */ = {
			isa = PBXContainerItemProxy;
			containerPortal = 317CCEA224A509FB0071E533 /* Project object */;
			proxyType = 1;
			remoteGlobalIDString = 317CCEA924A509FB0071E533;
			remoteInfo = OSXTestProject;
		};
		317CCECC24A509FC0071E533 /* PBXContainerItemProxy */ = {
			isa = PBXContainerItemProxy;
			containerPortal = 317CCEA224A509FB0071E533 /* Project object */;
			proxyType = 1;
			remoteGlobalIDString = 317CCEA924A509FB0071E533;
			remoteInfo = OSXTestProject;
		};
/* End PBXContainerItemProxy section */

/* Begin PBXFileReference section */
		317CCEAA24A509FB0071E533 /* OSXTestProject.app */ = {isa = PBXFileReference; explicitFileType = wrapper.application; includeInIndex = 0; path = OSXTestProject.app; sourceTree = BUILT_PRODUCTS_DIR; };
		317CCEAD24A509FB0071E533 /* AppDelegate.h */ = {isa = PBXFileReference; lastKnownFileType = sourcecode.c.h; path = AppDelegate.h; sourceTree = "<group>"; };
		317CCEAE24A509FB0071E533 /* AppDelegate.m */ = {isa = PBXFileReference; lastKnownFileType = sourcecode.c.objc; path = AppDelegate.m; sourceTree = "<group>"; };
		317CCEB024A509FB0071E533 /* ViewController.h */ = {isa = PBXFileReference; lastKnownFileType = sourcecode.c.h; path = ViewController.h; sourceTree = "<group>"; };
		317CCEB124A509FB0071E533 /* ViewController.m */ = {isa = PBXFileReference; lastKnownFileType = sourcecode.c.objc; path = ViewController.m; sourceTree = "<group>"; };
		317CCEB324A509FC0071E533 /* Assets.xcassets */ = {isa = PBXFileReference; lastKnownFileType = folder.assetcatalog; path = Assets.xcassets; sourceTree = "<group>"; };
		317CCEB624A509FC0071E533 /* Base */ = {isa = PBXFileReference; lastKnownFileType = file.storyboard; name = Base; path = Base.lproj/Main.storyboard; sourceTree = "<group>"; };
		317CCEB824A509FC0071E533 /* Info.plist */ = {isa = PBXFileReference; lastKnownFileType = text.plist.xml; path = Info.plist; sourceTree = "<group>"; };
		317CCEB924A509FC0071E533 /* main.m */ = {isa = PBXFileReference; lastKnownFileType = sourcecode.c.objc; path = main.m; sourceTree = "<group>"; };
		317CCEBB24A509FC0071E533 /* OSXTestProject.entitlements */ = {isa = PBXFileReference; lastKnownFileType = text.plist.entitlements; path = OSXTestProject.entitlements; sourceTree = "<group>"; };
		317CCEC024A509FC0071E533 /* OSXTestProjectTests.xctest */ = {isa = PBXFileReference; explicitFileType = wrapper.cfbundle; includeInIndex = 0; path = OSXTestProjectTests.xctest; sourceTree = BUILT_PRODUCTS_DIR; };
		317CCEC424A509FC0071E533 /* OSXTestProjectTests.m */ = {isa = PBXFileReference; lastKnownFileType = sourcecode.c.objc; path = OSXTestProjectTests.m; sourceTree = "<group>"; };
		317CCEC624A509FC0071E533 /* Info.plist */ = {isa = PBXFileReference; lastKnownFileType = text.plist.xml; path = Info.plist; sourceTree = "<group>"; };
		317CCECB24A509FC0071E533 /* OSXTestProjectUITests.xctest */ = {isa = PBXFileReference; explicitFileType = wrapper.cfbundle; includeInIndex = 0; path = OSXTestProjectUITests.xctest; sourceTree = BUILT_PRODUCTS_DIR; };
		317CCECF24A509FC0071E533 /* OSXTestProjectUITests.m */ = {isa = PBXFileReference; lastKnownFileType = sourcecode.c.objc; path = OSXTestProjectUITests.m; sourceTree = "<group>"; };
		317CCED124A509FC0071E533 /* Info.plist */ = {isa = PBXFileReference; lastKnownFileType = text.plist.xml; path = Info.plist; sourceTree = "<group>"; };
		56F6470B04280BC343A1EAFF /* Pods-OSXTestProject.release.xcconfig */ = {isa = PBXFileReference; includeInIndex = 1; lastKnownFileType = text.xcconfig; name = "Pods-OSXTestProject.release.xcconfig"; path = "Target Support Files/Pods-OSXTestProject/Pods-OSXTestProject.release.xcconfig"; sourceTree = "<group>"; };
		A4E3CC6817468CF50A087EB5 /* libPods-OSXTestProject.a */ = {isa = PBXFileReference; explicitFileType = archive.ar; includeInIndex = 0; path = "libPods-OSXTestProject.a"; sourceTree = BUILT_PRODUCTS_DIR; };
		FD89290B3F1358448A9F7AF6 /* Pods-OSXTestProject.debug.xcconfig */ = {isa = PBXFileReference; includeInIndex = 1; lastKnownFileType = text.xcconfig; name = "Pods-OSXTestProject.debug.xcconfig"; path = "Target Support Files/Pods-OSXTestProject/Pods-OSXTestProject.debug.xcconfig"; sourceTree = "<group>"; };
/* End PBXFileReference section */

/* Begin PBXFrameworksBuildPhase section */
		317CCEA724A509FB0071E533 /* Frameworks */ = {
			isa = PBXFrameworksBuildPhase;
			buildActionMask = 2147483647;
			files = (
				E8EA06B6E8442CEE43BF89F7 /* libPods-OSXTestProject.a in Frameworks */,
			);
			runOnlyForDeploymentPostprocessing = 0;
		};
		317CCEBD24A509FC0071E533 /* Frameworks */ = {
			isa = PBXFrameworksBuildPhase;
			buildActionMask = 2147483647;
			files = (
			);
			runOnlyForDeploymentPostprocessing = 0;
		};
		317CCEC824A509FC0071E533 /* Frameworks */ = {
			isa = PBXFrameworksBuildPhase;
			buildActionMask = 2147483647;
			files = (
			);
			runOnlyForDeploymentPostprocessing = 0;
		};
/* End PBXFrameworksBuildPhase section */

/* Begin PBXGroup section */
		01711067FE7D0840AC9D7F82 /* Frameworks */ = {
			isa = PBXGroup;
			children = (
				A4E3CC6817468CF50A087EB5 /* libPods-OSXTestProject.a */,
			);
			name = Frameworks;
			sourceTree = "<group>";
		};
		317CCEA124A509FB0071E533 = {
			isa = PBXGroup;
			children = (
				317CCEAC24A509FB0071E533 /* OSXTestProject */,
				317CCEC324A509FC0071E533 /* OSXTestProjectTests */,
				317CCECE24A509FC0071E533 /* OSXTestProjectUITests */,
				317CCEAB24A509FB0071E533 /* Products */,
				E0DD54B1A87E78584ADFECE7 /* Pods */,
				01711067FE7D0840AC9D7F82 /* Frameworks */,
			);
			sourceTree = "<group>";
		};
		317CCEAB24A509FB0071E533 /* Products */ = {
			isa = PBXGroup;
			children = (
				317CCEAA24A509FB0071E533 /* OSXTestProject.app */,
				317CCEC024A509FC0071E533 /* OSXTestProjectTests.xctest */,
				317CCECB24A509FC0071E533 /* OSXTestProjectUITests.xctest */,
			);
			name = Products;
			sourceTree = "<group>";
		};
		317CCEAC24A509FB0071E533 /* OSXTestProject */ = {
			isa = PBXGroup;
			children = (
				317CCEAD24A509FB0071E533 /* AppDelegate.h */,
				317CCEAE24A509FB0071E533 /* AppDelegate.m */,
				317CCEB024A509FB0071E533 /* ViewController.h */,
				317CCEB124A509FB0071E533 /* ViewController.m */,
				317CCEB324A509FC0071E533 /* Assets.xcassets */,
				317CCEB524A509FC0071E533 /* Main.storyboard */,
				317CCEB824A509FC0071E533 /* Info.plist */,
				317CCEB924A509FC0071E533 /* main.m */,
				317CCEBB24A509FC0071E533 /* OSXTestProject.entitlements */,
			);
			path = OSXTestProject;
			sourceTree = "<group>";
		};
		317CCEC324A509FC0071E533 /* OSXTestProjectTests */ = {
			isa = PBXGroup;
			children = (
				317CCEC424A509FC0071E533 /* OSXTestProjectTests.m */,
				317CCEC624A509FC0071E533 /* Info.plist */,
			);
			path = OSXTestProjectTests;
			sourceTree = "<group>";
		};
		317CCECE24A509FC0071E533 /* OSXTestProjectUITests */ = {
			isa = PBXGroup;
			children = (
				317CCECF24A509FC0071E533 /* OSXTestProjectUITests.m */,
				317CCED124A509FC0071E533 /* Info.plist */,
			);
			path = OSXTestProjectUITests;
			sourceTree = "<group>";
		};
		E0DD54B1A87E78584ADFECE7 /* Pods */ = {
			isa = PBXGroup;
			children = (
				FD89290B3F1358448A9F7AF6 /* Pods-OSXTestProject.debug.xcconfig */,
				56F6470B04280BC343A1EAFF /* Pods-OSXTestProject.release.xcconfig */,
			);
			path = Pods;
			sourceTree = "<group>";
		};
/* End PBXGroup section */

/* Begin PBXNativeTarget section */
		317CCEA924A509FB0071E533 /* OSXTestProject */ = {
			isa = PBXNativeTarget;
			buildConfigurationList = 317CCED424A509FC0071E533 /* Build configuration list for PBXNativeTarget "OSXTestProject" */;
			buildPhases = (
				729886E6ABEEF13F15EB8893 /* [CP] Check Pods Manifest.lock */,
				317CCEA624A509FB0071E533 /* Sources */,
				317CCEA724A509FB0071E533 /* Frameworks */,
				317CCEA824A509FB0071E533 /* Resources */,
			);
			buildRules = (
			);
			dependencies = (
			);
			name = OSXTestProject;
			productName = OSXTestProject;
			productReference = 317CCEAA24A509FB0071E533 /* OSXTestProject.app */;
			productType = "com.apple.product-type.application";
		};
		317CCEBF24A509FC0071E533 /* OSXTestProjectTests */ = {
			isa = PBXNativeTarget;
			buildConfigurationList = 317CCED724A509FC0071E533 /* Build configuration list for PBXNativeTarget "OSXTestProjectTests" */;
			buildPhases = (
				317CCEBC24A509FC0071E533 /* Sources */,
				317CCEBD24A509FC0071E533 /* Frameworks */,
				317CCEBE24A509FC0071E533 /* Resources */,
			);
			buildRules = (
			);
			dependencies = (
				317CCEC224A509FC0071E533 /* PBXTargetDependency */,
			);
			name = OSXTestProjectTests;
			productName = OSXTestProjectTests;
			productReference = 317CCEC024A509FC0071E533 /* OSXTestProjectTests.xctest */;
			productType = "com.apple.product-type.bundle.unit-test";
		};
		317CCECA24A509FC0071E533 /* OSXTestProjectUITests */ = {
			isa = PBXNativeTarget;
			buildConfigurationList = 317CCEDA24A509FC0071E533 /* Build configuration list for PBXNativeTarget "OSXTestProjectUITests" */;
			buildPhases = (
				317CCEC724A509FC0071E533 /* Sources */,
				317CCEC824A509FC0071E533 /* Frameworks */,
				317CCEC924A509FC0071E533 /* Resources */,
			);
			buildRules = (
			);
			dependencies = (
				317CCECD24A509FC0071E533 /* PBXTargetDependency */,
			);
			name = OSXTestProjectUITests;
			productName = OSXTestProjectUITests;
			productReference = 317CCECB24A509FC0071E533 /* OSXTestProjectUITests.xctest */;
			productType = "com.apple.product-type.bundle.ui-testing";
		};
/* End PBXNativeTarget section */

/* Begin PBXProject section */
		317CCEA224A509FB0071E533 /* Project object */ = {
			isa = PBXProject;
			attributes = {
				LastUpgradeCheck = 1150;
				ORGANIZATIONNAME = "陈鑫亮";
				TargetAttributes = {
					317CCEA924A509FB0071E533 = {
						CreatedOnToolsVersion = 11.5;
					};
					317CCEBF24A509FC0071E533 = {
						CreatedOnToolsVersion = 11.5;
						TestTargetID = 317CCEA924A509FB0071E533;
					};
					317CCECA24A509FC0071E533 = {
						CreatedOnToolsVersion = 11.5;
						TestTargetID = 317CCEA924A509FB0071E533;
					};
				};
			};
			buildConfigurationList = 317CCEA524A509FB0071E533 /* Build configuration list for PBXProject "OSXTestProject" */;
			compatibilityVersion = "Xcode 9.3";
			developmentRegion = en;
			hasScannedForEncodings = 0;
			knownRegions = (
				en,
				Base,
			);
			mainGroup = 317CCEA124A509FB0071E533;
			productRefGroup = 317CCEAB24A509FB0071E533 /* Products */;
			projectDirPath = "";
			projectRoot = "";
			targets = (
				317CCEA924A509FB0071E533 /* OSXTestProject */,
				317CCEBF24A509FC0071E533 /* OSXTestProjectTests */,
				317CCECA24A509FC0071E533 /* OSXTestProjectUITests */,
			);
		};
/* End PBXProject section */

/* Begin PBXResourcesBuildPhase section */
		317CCEA824A509FB0071E533 /* Resources */ = {
			isa = PBXResourcesBuildPhase;
			buildActionMask = 2147483647;
			files = (
				317CCEB424A509FC0071E533 /* Assets.xcassets in Resources */,
				317CCEB724A509FC0071E533 /* Main.storyboard in Resources */,
			);
			runOnlyForDeploymentPostprocessing = 0;
		};
		317CCEBE24A509FC0071E533 /* Resources */ = {
			isa = PBXResourcesBuildPhase;
			buildActionMask = 2147483647;
			files = (
			);
			runOnlyForDeploymentPostprocessing = 0;
		};
		317CCEC924A509FC0071E533 /* Resources */ = {
			isa = PBXResourcesBuildPhase;
			buildActionMask = 2147483647;
			files = (
			);
			runOnlyForDeploymentPostprocessing = 0;
		};
/* End PBXResourcesBuildPhase section */

/* Begin PBXShellScriptBuildPhase section */
		729886E6ABEEF13F15EB8893 /* [CP] Check Pods Manifest.lock */ = {
			isa = PBXShellScriptBuildPhase;
			buildActionMask = 2147483647;
			files = (
			);
			inputFileListPaths = (
			);
			inputPaths = (
				"${PODS_PODFILE_DIR_PATH}/Podfile.lock",
				"${PODS_ROOT}/Manifest.lock",
			);
			name = "[CP] Check Pods Manifest.lock";
			outputFileListPaths = (
			);
			outputPaths = (
				"$(DERIVED_FILE_DIR)/Pods-OSXTestProject-checkManifestLockResult.txt",
			);
			runOnlyForDeploymentPostprocessing = 0;
			shellPath = /bin/sh;
			shellScript = "diff \"${PODS_PODFILE_DIR_PATH}/Podfile.lock\" \"${PODS_ROOT}/Manifest.lock\" > /dev/null\nif [ $? != 0 ] ; then\n    # print error to STDERR\n    echo \"error: The sandbox is not in sync with the Podfile.lock. Run 'pod install' or update your CocoaPods installation.\" >&2\n    exit 1\nfi\n# This output is used by Xcode 'outputs' to avoid re-running this script phase.\necho \"SUCCESS\" > \"${SCRIPT_OUTPUT_FILE_0}\"\n";
			showEnvVarsInLog = 0;
		};
/* End PBXShellScriptBuildPhase section */

/* Begin PBXSourcesBuildPhase section */
		317CCEA624A509FB0071E533 /* Sources */ = {
			isa = PBXSourcesBuildPhase;
			buildActionMask = 2147483647;
			files = (
				317CCEB224A509FB0071E533 /* ViewController.m in Sources */,
				317CCEBA24A509FC0071E533 /* main.m in Sources */,
				317CCEAF24A509FB0071E533 /* AppDelegate.m in Sources */,
			);
			runOnlyForDeploymentPostprocessing = 0;
		};
		317CCEBC24A509FC0071E533 /* Sources */ = {
			isa = PBXSourcesBuildPhase;
			buildActionMask = 2147483647;
			files = (
				317CCEC524A509FC0071E533 /* OSXTestProjectTests.m in Sources */,
			);
			runOnlyForDeploymentPostprocessing = 0;
		};
		317CCEC724A509FC0071E533 /* Sources */ = {
			isa = PBXSourcesBuildPhase;
			buildActionMask = 2147483647;
			files = (
				317CCED024A509FC0071E533 /* OSXTestProjectUITests.m in Sources */,
			);
			runOnlyForDeploymentPostprocessing = 0;
		};
/* End PBXSourcesBuildPhase section */

/* Begin PBXTargetDependency section */
		317CCEC224A509FC0071E533 /* PBXTargetDependency */ = {
			isa = PBXTargetDependency;
			target = 317CCEA924A509FB0071E533 /* OSXTestProject */;
			targetProxy = 317CCEC124A509FC0071E533 /* PBXContainerItemProxy */;
		};
		317CCECD24A509FC0071E533 /* PBXTargetDependency */ = {
			isa = PBXTargetDependency;
			target = 317CCEA924A509FB0071E533 /* OSXTestProject */;
			targetProxy = 317CCECC24A509FC0071E533 /* PBXContainerItemProxy */;
		};
/* End PBXTargetDependency section */

/* Begin PBXVariantGroup section */
		317CCEB524A509FC0071E533 /* Main.storyboard */ = {
			isa = PBXVariantGroup;
			children = (
				317CCEB624A509FC0071E533 /* Base */,
			);
			name = Main.storyboard;
			sourceTree = "<group>";
		};
/* End PBXVariantGroup section */

/* Begin XCBuildConfiguration section */
		317CCED224A509FC0071E533 /* Debug */ = {
			isa = XCBuildConfiguration;
			buildSettings = {
				ALWAYS_SEARCH_USER_PATHS = NO;
				CLANG_ANALYZER_NONNULL = YES;
				CLANG_ANALYZER_NUMBER_OBJECT_CONVERSION = YES_AGGRESSIVE;
				CLANG_CXX_LANGUAGE_STANDARD = "gnu++14";
				CLANG_CXX_LIBRARY = "libc++";
				CLANG_ENABLE_MODULES = YES;
				CLANG_ENABLE_OBJC_ARC = YES;
				CLANG_ENABLE_OBJC_WEAK = YES;
				CLANG_WARN_BLOCK_CAPTURE_AUTORELEASING = YES;
				CLANG_WARN_BOOL_CONVERSION = YES;
				CLANG_WARN_COMMA = YES;
				CLANG_WARN_CONSTANT_CONVERSION = YES;
				CLANG_WARN_DEPRECATED_OBJC_IMPLEMENTATIONS = YES;
				CLANG_WARN_DIRECT_OBJC_ISA_USAGE = YES_ERROR;
				CLANG_WARN_DOCUMENTATION_COMMENTS = YES;
				CLANG_WARN_EMPTY_BODY = YES;
				CLANG_WARN_ENUM_CONVERSION = YES;
				CLANG_WARN_INFINITE_RECURSION = YES;
				CLANG_WARN_INT_CONVERSION = YES;
				CLANG_WARN_NON_LITERAL_NULL_CONVERSION = YES;
				CLANG_WARN_OBJC_IMPLICIT_RETAIN_SELF = YES;
				CLANG_WARN_OBJC_LITERAL_CONVERSION = YES;
				CLANG_WARN_OBJC_ROOT_CLASS = YES_ERROR;
				CLANG_WARN_RANGE_LOOP_ANALYSIS = YES;
				CLANG_WARN_STRICT_PROTOTYPES = YES;
				CLANG_WARN_SUSPICIOUS_MOVE = YES;
				CLANG_WARN_UNGUARDED_AVAILABILITY = YES_AGGRESSIVE;
				CLANG_WARN_UNREACHABLE_CODE = YES;
				CLANG_WARN__DUPLICATE_METHOD_MATCH = YES;
				COPY_PHASE_STRIP = NO;
				DEBUG_INFORMATION_FORMAT = dwarf;
				ENABLE_STRICT_OBJC_MSGSEND = YES;
				ENABLE_TESTABILITY = YES;
				GCC_C_LANGUAGE_STANDARD = gnu11;
				GCC_DYNAMIC_NO_PIC = NO;
				GCC_NO_COMMON_BLOCKS = YES;
				GCC_OPTIMIZATION_LEVEL = 0;
				GCC_PREPROCESSOR_DEFINITIONS = (
					"DEBUG=1",
					"$(inherited)",
				);
				GCC_WARN_64_TO_32_BIT_CONVERSION = YES;
				GCC_WARN_ABOUT_RETURN_TYPE = YES_ERROR;
				GCC_WARN_UNDECLARED_SELECTOR = YES;
				GCC_WARN_UNINITIALIZED_AUTOS = YES_AGGRESSIVE;
				GCC_WARN_UNUSED_FUNCTION = YES;
				GCC_WARN_UNUSED_VARIABLE = YES;
				MACOSX_DEPLOYMENT_TARGET = 10.11;
				MTL_ENABLE_DEBUG_INFO = INCLUDE_SOURCE;
				MTL_FAST_MATH = YES;
				ONLY_ACTIVE_ARCH = YES;
				SDKROOT = macosx;
			};
			name = Debug;
		};
		317CCED324A509FC0071E533 /* Release */ = {
			isa = XCBuildConfiguration;
			buildSettings = {
				ALWAYS_SEARCH_USER_PATHS = NO;
				CLANG_ANALYZER_NONNULL = YES;
				CLANG_ANALYZER_NUMBER_OBJECT_CONVERSION = YES_AGGRESSIVE;
				CLANG_CXX_LANGUAGE_STANDARD = "gnu++14";
				CLANG_CXX_LIBRARY = "libc++";
				CLANG_ENABLE_MODULES = YES;
				CLANG_ENABLE_OBJC_ARC = YES;
				CLANG_ENABLE_OBJC_WEAK = YES;
				CLANG_WARN_BLOCK_CAPTURE_AUTORELEASING = YES;
				CLANG_WARN_BOOL_CONVERSION = YES;
				CLANG_WARN_COMMA = YES;
				CLANG_WARN_CONSTANT_CONVERSION = YES;
				CLANG_WARN_DEPRECATED_OBJC_IMPLEMENTATIONS = YES;
				CLANG_WARN_DIRECT_OBJC_ISA_USAGE = YES_ERROR;
				CLANG_WARN_DOCUMENTATION_COMMENTS = YES;
				CLANG_WARN_EMPTY_BODY = YES;
				CLANG_WARN_ENUM_CONVERSION = YES;
				CLANG_WARN_INFINITE_RECURSION = YES;
				CLANG_WARN_INT_CONVERSION = YES;
				CLANG_WARN_NON_LITERAL_NULL_CONVERSION = YES;
				CLANG_WARN_OBJC_IMPLICIT_RETAIN_SELF = YES;
				CLANG_WARN_OBJC_LITERAL_CONVERSION = YES;
				CLANG_WARN_OBJC_ROOT_CLASS = YES_ERROR;
				CLANG_WARN_RANGE_LOOP_ANALYSIS = YES;
				CLANG_WARN_STRICT_PROTOTYPES = YES;
				CLANG_WARN_SUSPICIOUS_MOVE = YES;
				CLANG_WARN_UNGUARDED_AVAILABILITY = YES_AGGRESSIVE;
				CLANG_WARN_UNREACHABLE_CODE = YES;
				CLANG_WARN__DUPLICATE_METHOD_MATCH = YES;
				COPY_PHASE_STRIP = NO;
				DEBUG_INFORMATION_FORMAT = "dwarf-with-dsym";
				ENABLE_NS_ASSERTIONS = NO;
				ENABLE_STRICT_OBJC_MSGSEND = YES;
				GCC_C_LANGUAGE_STANDARD = gnu11;
				GCC_NO_COMMON_BLOCKS = YES;
				GCC_WARN_64_TO_32_BIT_CONVERSION = YES;
				GCC_WARN_ABOUT_RETURN_TYPE = YES_ERROR;
				GCC_WARN_UNDECLARED_SELECTOR = YES;
				GCC_WARN_UNINITIALIZED_AUTOS = YES_AGGRESSIVE;
				GCC_WARN_UNUSED_FUNCTION = YES;
				GCC_WARN_UNUSED_VARIABLE = YES;
				MACOSX_DEPLOYMENT_TARGET = 10.11;
				MTL_ENABLE_DEBUG_INFO = NO;
				MTL_FAST_MATH = YES;
				SDKROOT = macosx;
			};
			name = Release;
		};
		317CCED524A509FC0071E533 /* Debug */ = {
			isa = XCBuildConfiguration;
			baseConfigurationReference = FD89290B3F1358448A9F7AF6 /* Pods-OSXTestProject.debug.xcconfig */;
			buildSettings = {
				ASSETCATALOG_COMPILER_APPICON_NAME = AppIcon;
				CODE_SIGN_ENTITLEMENTS = OSXTestProject/OSXTestProject.entitlements;
				CODE_SIGN_IDENTITY = "-";
				CODE_SIGN_STYLE = Automatic;
				COMBINE_HIDPI_IMAGES = YES;
				DEVELOPMENT_TEAM = 857Y9WWQ87;
				ENABLE_HARDENED_RUNTIME = YES;
				INFOPLIST_FILE = OSXTestProject/Info.plist;
				LD_RUNPATH_SEARCH_PATHS = (
					"$(inherited)",
					"@executable_path/../Frameworks",
				);
				PRODUCT_BUNDLE_IDENTIFIER = cc.OSXTestProject;
				PRODUCT_NAME = "$(TARGET_NAME)";
			};
			name = Debug;
		};
		317CCED624A509FC0071E533 /* Release */ = {
			isa = XCBuildConfiguration;
			baseConfigurationReference = 56F6470B04280BC343A1EAFF /* Pods-OSXTestProject.release.xcconfig */;
			buildSettings = {
				ASSETCATALOG_COMPILER_APPICON_NAME = AppIcon;
				CODE_SIGN_ENTITLEMENTS = OSXTestProject/OSXTestProject.entitlements;
				CODE_SIGN_IDENTITY = "-";
				CODE_SIGN_STYLE = Automatic;
				COMBINE_HIDPI_IMAGES = YES;
				DEVELOPMENT_TEAM = 857Y9WWQ87;
				ENABLE_HARDENED_RUNTIME = YES;
				INFOPLIST_FILE = OSXTestProject/Info.plist;
				LD_RUNPATH_SEARCH_PATHS = (
					"$(inherited)",
					"@executable_path/../Frameworks",
				);
				PRODUCT_BUNDLE_IDENTIFIER = cc.OSXTestProject;
				PRODUCT_NAME = "$(TARGET_NAME)";
			};
			name = Release;
		};
		317CCED824A509FC0071E533 /* Debug */ = {
			isa = XCBuildConfiguration;
			buildSettings = {
				BUNDLE_LOADER = "$(TEST_HOST)";
				CODE_SIGN_STYLE = Automatic;
				COMBINE_HIDPI_IMAGES = YES;
				DEVELOPMENT_TEAM = 857Y9WWQ87;
				INFOPLIST_FILE = OSXTestProjectTests/Info.plist;
				LD_RUNPATH_SEARCH_PATHS = (
					"$(inherited)",
					"@executable_path/../Frameworks",
					"@loader_path/../Frameworks",
				);
				MACOSX_DEPLOYMENT_TARGET = 10.15;
				PRODUCT_BUNDLE_IDENTIFIER = cc.OSXTestProjectTests;
				PRODUCT_NAME = "$(TARGET_NAME)";
				TEST_HOST = "$(BUILT_PRODUCTS_DIR)/OSXTestProject.app/Contents/MacOS/OSXTestProject";
			};
			name = Debug;
		};
		317CCED924A509FC0071E533 /* Release */ = {
			isa = XCBuildConfiguration;
			buildSettings = {
				BUNDLE_LOADER = "$(TEST_HOST)";
				CODE_SIGN_STYLE = Automatic;
				COMBINE_HIDPI_IMAGES = YES;
				DEVELOPMENT_TEAM = 857Y9WWQ87;
				INFOPLIST_FILE = OSXTestProjectTests/Info.plist;
				LD_RUNPATH_SEARCH_PATHS = (
					"$(inherited)",
					"@executable_path/../Frameworks",
					"@loader_path/../Frameworks",
				);
				MACOSX_DEPLOYMENT_TARGET = 10.15;
				PRODUCT_BUNDLE_IDENTIFIER = cc.OSXTestProjectTests;
				PRODUCT_NAME = "$(TARGET_NAME)";
				TEST_HOST = "$(BUILT_PRODUCTS_DIR)/OSXTestProject.app/Contents/MacOS/OSXTestProject";
			};
			name = Release;
		};
		317CCEDB24A509FC0071E533 /* Debug */ = {
			isa = XCBuildConfiguration;
			buildSettings = {
				CODE_SIGN_STYLE = Automatic;
				COMBINE_HIDPI_IMAGES = YES;
				DEVELOPMENT_TEAM = 857Y9WWQ87;
				INFOPLIST_FILE = OSXTestProjectUITests/Info.plist;
				LD_RUNPATH_SEARCH_PATHS = (
					"$(inherited)",
					"@executable_path/../Frameworks",
					"@loader_path/../Frameworks",
				);
				PRODUCT_BUNDLE_IDENTIFIER = cc.OSXTestProjectUITests;
				PRODUCT_NAME = "$(TARGET_NAME)";
				TEST_TARGET_NAME = OSXTestProject;
			};
			name = Debug;
		};
		317CCEDC24A509FC0071E533 /* Release */ = {
			isa = XCBuildConfiguration;
			buildSettings = {
				CODE_SIGN_STYLE = Automatic;
				COMBINE_HIDPI_IMAGES = YES;
				DEVELOPMENT_TEAM = 857Y9WWQ87;
				INFOPLIST_FILE = OSXTestProjectUITests/Info.plist;
				LD_RUNPATH_SEARCH_PATHS = (
					"$(inherited)",
					"@executable_path/../Frameworks",
					"@loader_path/../Frameworks",
				);
				PRODUCT_BUNDLE_IDENTIFIER = cc.OSXTestProjectUITests;
				PRODUCT_NAME = "$(TARGET_NAME)";
				TEST_TARGET_NAME = OSXTestProject;
			};
			name = Release;
		};
/* End XCBuildConfiguration section */

/* Begin XCConfigurationList section */
		317CCEA524A509FB0071E533 /* Build configuration list for PBXProject "OSXTestProject" */ = {
			isa = XCConfigurationList;
			buildConfigurations = (
				317CCED224A509FC0071E533 /* Debug */,
				317CCED324A509FC0071E533 /* Release */,
			);
			defaultConfigurationIsVisible = 0;
			defaultConfigurationName = Release;
		};
		317CCED424A509FC0071E533 /* Build configuration list for PBXNativeTarget "OSXTestProject" */ = {
			isa = XCConfigurationList;
			buildConfigurations = (
				317CCED524A509FC0071E533 /* Debug */,
				317CCED624A509FC0071E533 /* Release */,
			);
			defaultConfigurationIsVisible = 0;
			defaultConfigurationName = Release;
		};
		317CCED724A509FC0071E533 /* Build configuration list for PBXNativeTarget "OSXTestProjectTests" */ = {
			isa = XCConfigurationList;
			buildConfigurations = (
				317CCED824A509FC0071E533 /* Debug */,
				317CCED924A509FC0071E533 /* Release */,
			);
			defaultConfigurationIsVisible = 0;
			defaultConfigurationName = Release;
		};
		317CCEDA24A509FC0071E533 /* Build configuration list for PBXNativeTarget "OSXTestProjectUITests" */ = {
			isa = XCConfigurationList;
			buildConfigurations = (
				317CCEDB24A509FC0071E533 /* Debug */,
				317CCEDC24A509FC0071E533 /* Release */,
			);
			defaultConfigurationIsVisible = 0;
			defaultConfigurationName = Release;
		};
/* End XCConfigurationList section */
	};
	rootObject = 317CCEA224A509FB0071E533 /* Project object */;
}
